
Microsoft Visual Studio Solution File, Format Version 12.00
# Visual Studio Version 17
VisualStudioVersion = 17.4.33213.308
MinimumVisualStudioVersion = 10.0.40219.1
Project("{FAE04EC0-301F-11D3-BF4B-00C04F79EFBC}") = "ElevenNoteWebApp.Server", "Server\ElevenNoteWebApp.Server.csproj", "{C327D6D4-3EA9-4A1C-90FA-EB7A16A9351B}"
EndProject
Project("{FAE04EC0-301F-11D3-BF4B-00C04F79EFBC}") = "ElevenNoteWebApp.Client", "Client\ElevenNoteWebApp.Client.csproj", "{EC9DA2E8-239B-40C5-A6BD-E4F653601249}"
EndProject
Project("{FAE04EC0-301F-11D3-BF4B-00C04F79EFBC}") = "ElevenNoteWebApp.Shared", "Shared\ElevenNoteWebApp.Shared.csproj", "{338B81B3-550E-459B-A44A-1180DE908229}"
EndProject
Global
	GlobalSection(SolutionConfigurationPlatforms) = preSolution
		Debug|Any CPU = Debug|Any CPU
		Release|Any CPU = Release|Any CPU
	EndGlobalSection
	GlobalSection(ProjectConfigurationPlatforms) = postSolution
		{C327D6D4-3EA9-4A1C-90FA-EB7A16A9351B}.Debug|Any CPU.ActiveCfg = Debug|Any CPU
		{C327D6D4-3EA9-4A1C-90FA-EB7A16A9351B}.Debug|Any CPU.Build.0 = Debug|Any CPU
		{C327D6D4-3EA9-4A1C-90FA-EB7A16A9351B}.Release|Any CPU.ActiveCfg = Release|Any CPU
		{C327D6D4-3EA9-4A1C-90FA-EB7A16A9351B}.Release|Any CPU.Build.0 = Release|Any CPU
		{EC9DA2E8-239B-40C5-A6BD-E4F653601249}.Debug|Any CPU.ActiveCfg = Debug|Any CPU
		{EC9DA2E8-239B-40C5-A6BD-E4F653601249}.Debug|Any CPU.Build.0 = Debug|Any CPU
		{EC9DA2E8-239B-40C5-A6BD-E4F653601249}.Release|Any CPU.ActiveCfg = Release|Any CPU
		{EC9DA2E8-239B-40C5-A6BD-E4F653601249}.Release|Any CPU.Build.0 = Release|Any CPU
		{338B81B3-550E-459B-A44A-1180DE908229}.Debug|Any CPU.ActiveCfg = Debug|Any CPU
		{338B81B3-550E-459B-A44A-1180DE908229}.Debug|Any CPU.Build.0 = Debug|Any CPU
		{338B81B3-550E-459B-A44A-1180DE908229}.Release|Any CPU.ActiveCfg = Release|Any CPU
		{338B81B3-550E-459B-A44A-1180DE908229}.Release|Any CPU.Build.0 = Release|Any CPU
	EndGlobalSection
	GlobalSection(SolutionProperties) = preSolution
		HideSolutionNode = FALSE
	EndGlobalSection
	GlobalSection(ExtensibilityGlobals) = postSolution
		SolutionGuid = {CDB8F1D3-5D75-48B3-8EAC-195EACCE9527}
	EndGlobalSection
EndGlobal
